// !$*UTF8*$!
{
	archiveVersion = 1;
	classes = {
	};
	objectVersion = 51;
	objects = {

/* Begin PBXBuildFile section */
		B50F266C22BB2767009D30BD /* AlertService.swift in Sources */ = {isa = PBXBuildFile; fileRef = B50F266B22BB2767009D30BD /* AlertService.swift */; };
		B521830522476DE1004E7263 /* MapMarkerView.xib in Resources */ = {isa = PBXBuildFile; fileRef = B521830422476DE1004E7263 /* MapMarkerView.xib */; };
		B521830722476DF6004E7263 /* MapMarker.swift in Sources */ = {isa = PBXBuildFile; fileRef = B521830622476DF6004E7263 /* MapMarker.swift */; };
		B5B4DDB62249DBF800937F78 /* RatingsView.xib in Resources */ = {isa = PBXBuildFile; fileRef = B5B4DDB52249DBF800937F78 /* RatingsView.xib */; };
		B5B4DDB82249DC0900937F78 /* RatingsView.swift in Sources */ = {isa = PBXBuildFile; fileRef = B5B4DDB72249DC0900937F78 /* RatingsView.swift */; };
		B5B9920422DAFAFE0047D8C9 /* Credits.txt in Resources */ = {isa = PBXBuildFile; fileRef = B5B9920322DAFAFE0047D8C9 /* Credits.txt */; };
		B5BE0E06222A5E1B006328A4 /* PreferenceViewController.swift in Sources */ = {isa = PBXBuildFile; fileRef = B5BE0E05222A5E1B006328A4 /* PreferenceViewController.swift */; };
		B5BE0E08222A7562006328A4 /* DefaultsKeys.swift in Sources */ = {isa = PBXBuildFile; fileRef = B5BE0E07222A7562006328A4 /* DefaultsKeys.swift */; };
		B5C6A6B722214C7D007DE260 /* OptionsScrollView.swift in Sources */ = {isa = PBXBuildFile; fileRef = B5C6A6B622214C7D007DE260 /* OptionsScrollView.swift */; };
		B5C6A6BD22220B24007DE260 /* PostViewController.swift in Sources */ = {isa = PBXBuildFile; fileRef = B5C6A6BC22220B24007DE260 /* PostViewController.swift */; };
		B5C6FA08222B4CB3005FBFB9 /* MenuTableViewController.swift in Sources */ = {isa = PBXBuildFile; fileRef = B5C6FA07222B4CB3005FBFB9 /* MenuTableViewController.swift */; };
		B5EAC3D02217EAE80080858E /* AppDelegate.swift in Sources */ = {isa = PBXBuildFile; fileRef = B5EAC3CF2217EAE80080858E /* AppDelegate.swift */; };
		B5EAC3D52217EAE80080858E /* Main.storyboard in Resources */ = {isa = PBXBuildFile; fileRef = B5EAC3D32217EAE80080858E /* Main.storyboard */; };
		B5EAC3D72217EAE90080858E /* Assets.xcassets in Resources */ = {isa = PBXBuildFile; fileRef = B5EAC3D62217EAE90080858E /* Assets.xcassets */; };
		B5EAC3DA2217EAE90080858E /* LaunchScreen.storyboard in Resources */ = {isa = PBXBuildFile; fileRef = B5EAC3D82217EAE90080858E /* LaunchScreen.storyboard */; };
		B5F60879221D14ED001989B6 /* Options.swift in Sources */ = {isa = PBXBuildFile; fileRef = B5F60878221D14ED001989B6 /* Options.swift */; };
		B5F6087B221D1BA2001989B6 /* Colors.swift in Sources */ = {isa = PBXBuildFile; fileRef = B5F6087A221D1BA2001989B6 /* Colors.swift */; };
		B5F6087D221D376E001989B6 /* ThemeButton.swift in Sources */ = {isa = PBXBuildFile; fileRef = B5F6087C221D376E001989B6 /* ThemeButton.swift */; };
		B5F61845221888110032FF86 /* Restaurant.swift in Sources */ = {isa = PBXBuildFile; fileRef = B5F61844221888110032FF86 /* Restaurant.swift */; };
		B5F61847221889280032FF86 /* RestService.swift in Sources */ = {isa = PBXBuildFile; fileRef = B5F61846221889280032FF86 /* RestService.swift */; };
		DB0B11625EA3977AD908566D /* Pods_planti.framework in Frameworks */ = {isa = PBXBuildFile; fileRef = 6C7104F663970D7DF7A002C3 /* Pods_planti.framework */; };
		F723EF2B229FB0BB00C16209 /* MenuItemCollectionViewCell.swift in Sources */ = {isa = PBXBuildFile; fileRef = F723EF2A229FB0BB00C16209 /* MenuItemCollectionViewCell.swift */; };
		F723EF2F229FB24B00C16209 /* MenuItemViewController.swift in Sources */ = {isa = PBXBuildFile; fileRef = F723EF2E229FB24B00C16209 /* MenuItemViewController.swift */; };
		F72B77302255807F000322B7 /* Settings.swift in Sources */ = {isa = PBXBuildFile; fileRef = F72B772F2255807F000322B7 /* Settings.swift */; };
		F72DEE2D22B2275200A7BCB6 /* MapClusterAnnotationView.swift in Sources */ = {isa = PBXBuildFile; fileRef = F72DEE2C22B2275200A7BCB6 /* MapClusterAnnotationView.swift */; };
		F73918B52278254D00C047B3 /* SearchViewController.swift in Sources */ = {isa = PBXBuildFile; fileRef = F73918B42278254D00C047B3 /* SearchViewController.swift */; };
		F73B36E222A2546300853EF9 /* MenuImageViewController.swift in Sources */ = {isa = PBXBuildFile; fileRef = F73B36E122A2546300853EF9 /* MenuImageViewController.swift */; };
		F74CC2F9229F9C420036013F /* RestaurantCollectionViewController.swift in Sources */ = {isa = PBXBuildFile; fileRef = F74CC2F8229F9C420036013F /* RestaurantCollectionViewController.swift */; };
		F74CC2FB229F9F0D0036013F /* RestaurantCollectionViewCell.swift in Sources */ = {isa = PBXBuildFile; fileRef = F74CC2FA229F9F0D0036013F /* RestaurantCollectionViewCell.swift */; };
		F752332C2284E23F005E3625 /* Documents.swift in Sources */ = {isa = PBXBuildFile; fileRef = F752332B2284E23F005E3625 /* Documents.swift */; };
		F752332F2284E3A6005E3625 /* Terms.txt in Resources */ = {isa = PBXBuildFile; fileRef = F752332E2284E3A6005E3625 /* Terms.txt */; };
		F75A4C3D2285054A00FBEF10 /* TextViewController.swift in Sources */ = {isa = PBXBuildFile; fileRef = F75A4C3C2285054A00FBEF10 /* TextViewController.swift */; };
		F76EB7CD22A4ED4D0055B6BB /* ImageService.swift in Sources */ = {isa = PBXBuildFile; fileRef = F76EB7CC22A4ED4D0055B6BB /* ImageService.swift */; };
		F773DD7C2295045900529B09 /* MapAnnotation.swift in Sources */ = {isa = PBXBuildFile; fileRef = F773DD7B2295045900529B09 /* MapAnnotation.swift */; };
		F78AA8B42288F15B00A332CE /* RestaurantMapViewController.swift in Sources */ = {isa = PBXBuildFile; fileRef = F78AA8AE2288F15B00A332CE /* RestaurantMapViewController.swift */; };
		F78AA8B92288F15B00A332CE /* RestaurantParentViewController.swift in Sources */ = {isa = PBXBuildFile; fileRef = F78AA8B32288F15B00A332CE /* RestaurantParentViewController.swift */; };
		F7A7972822A09B66009E86C4 /* SettingsViewController.swift in Sources */ = {isa = PBXBuildFile; fileRef = F7A7972722A09B66009E86C4 /* SettingsViewController.swift */; };
		F7F639BD22ADA1340085C0EB /* Privacy.txt in Resources */ = {isa = PBXBuildFile; fileRef = F7F639BC22ADA1340085C0EB /* Privacy.txt */; };
		F7FC1FD3224C643600FF4AEF /* MenuItem.swift in Sources */ = {isa = PBXBuildFile; fileRef = F7FC1FD2224C643600FF4AEF /* MenuItem.swift */; };
/* End PBXBuildFile section */

/* Begin PBXFileReference section */
		4379E13A8EA8D3E60A59B989 /* Pods-planti.debug.xcconfig */ = {isa = PBXFileReference; includeInIndex = 1; lastKnownFileType = text.xcconfig; name = "Pods-planti.debug.xcconfig"; path = "Target Support Files/Pods-planti/Pods-planti.debug.xcconfig"; sourceTree = "<group>"; };
		6C7104F663970D7DF7A002C3 /* Pods_planti.framework */ = {isa = PBXFileReference; explicitFileType = wrapper.framework; includeInIndex = 0; path = Pods_planti.framework; sourceTree = BUILT_PRODUCTS_DIR; };
		B50F266B22BB2767009D30BD /* AlertService.swift */ = {isa = PBXFileReference; lastKnownFileType = sourcecode.swift; path = AlertService.swift; sourceTree = "<group>"; };
		B521830422476DE1004E7263 /* MapMarkerView.xib */ = {isa = PBXFileReference; lastKnownFileType = file.xib; path = MapMarkerView.xib; sourceTree = "<group>"; };
		B521830622476DF6004E7263 /* MapMarker.swift */ = {isa = PBXFileReference; lastKnownFileType = sourcecode.swift; path = MapMarker.swift; sourceTree = "<group>"; };
		B5B4DDB52249DBF800937F78 /* RatingsView.xib */ = {isa = PBXFileReference; lastKnownFileType = file.xib; path = RatingsView.xib; sourceTree = "<group>"; };
		B5B4DDB72249DC0900937F78 /* RatingsView.swift */ = {isa = PBXFileReference; lastKnownFileType = sourcecode.swift; path = RatingsView.swift; sourceTree = "<group>"; };
		B5B9920322DAFAFE0047D8C9 /* Credits.txt */ = {isa = PBXFileReference; lastKnownFileType = text; path = Credits.txt; sourceTree = "<group>"; };
		B5BE0E05222A5E1B006328A4 /* PreferenceViewController.swift */ = {isa = PBXFileReference; lastKnownFileType = sourcecode.swift; path = PreferenceViewController.swift; sourceTree = "<group>"; };
		B5BE0E07222A7562006328A4 /* DefaultsKeys.swift */ = {isa = PBXFileReference; lastKnownFileType = sourcecode.swift; path = DefaultsKeys.swift; sourceTree = "<group>"; };
		B5C6A6B622214C7D007DE260 /* OptionsScrollView.swift */ = {isa = PBXFileReference; lastKnownFileType = sourcecode.swift; path = OptionsScrollView.swift; sourceTree = "<group>"; };
		B5C6A6BC22220B24007DE260 /* PostViewController.swift */ = {isa = PBXFileReference; lastKnownFileType = sourcecode.swift; path = PostViewController.swift; sourceTree = "<group>"; };
		B5C6FA07222B4CB3005FBFB9 /* MenuTableViewController.swift */ = {isa = PBXFileReference; lastKnownFileType = sourcecode.swift; path = MenuTableViewController.swift; sourceTree = "<group>"; };
		B5EAC3CC2217EAE80080858E /* planti.app */ = {isa = PBXFileReference; explicitFileType = wrapper.application; includeInIndex = 0; path = planti.app; sourceTree = BUILT_PRODUCTS_DIR; };
		B5EAC3CF2217EAE80080858E /* AppDelegate.swift */ = {isa = PBXFileReference; lastKnownFileType = sourcecode.swift; path = AppDelegate.swift; sourceTree = "<group>"; };
		B5EAC3D42217EAE80080858E /* Base */ = {isa = PBXFileReference; lastKnownFileType = file.storyboard; name = Base; path = Base.lproj/Main.storyboard; sourceTree = "<group>"; };
		B5EAC3D62217EAE90080858E /* Assets.xcassets */ = {isa = PBXFileReference; lastKnownFileType = folder.assetcatalog; path = Assets.xcassets; sourceTree = "<group>"; };
		B5EAC3D92217EAE90080858E /* Base */ = {isa = PBXFileReference; lastKnownFileType = file.storyboard; name = Base; path = Base.lproj/LaunchScreen.storyboard; sourceTree = "<group>"; };
		B5EAC3DB2217EAE90080858E /* Info.plist */ = {isa = PBXFileReference; lastKnownFileType = text.plist.xml; path = Info.plist; sourceTree = "<group>"; };
		B5F60878221D14ED001989B6 /* Options.swift */ = {isa = PBXFileReference; lastKnownFileType = sourcecode.swift; path = Options.swift; sourceTree = "<group>"; };
		B5F6087A221D1BA2001989B6 /* Colors.swift */ = {isa = PBXFileReference; lastKnownFileType = sourcecode.swift; path = Colors.swift; sourceTree = "<group>"; };
		B5F6087C221D376E001989B6 /* ThemeButton.swift */ = {isa = PBXFileReference; lastKnownFileType = sourcecode.swift; path = ThemeButton.swift; sourceTree = "<group>"; };
		B5F61844221888110032FF86 /* Restaurant.swift */ = {isa = PBXFileReference; lastKnownFileType = sourcecode.swift; path = Restaurant.swift; sourceTree = "<group>"; };
		B5F61846221889280032FF86 /* RestService.swift */ = {isa = PBXFileReference; lastKnownFileType = sourcecode.swift; path = RestService.swift; sourceTree = "<group>"; };
		CEABFC2B78CCDFA5BA6F2068 /* Pods-planti.release.xcconfig */ = {isa = PBXFileReference; includeInIndex = 1; lastKnownFileType = text.xcconfig; name = "Pods-planti.release.xcconfig"; path = "Target Support Files/Pods-planti/Pods-planti.release.xcconfig"; sourceTree = "<group>"; };
		F723EF2A229FB0BB00C16209 /* MenuItemCollectionViewCell.swift */ = {isa = PBXFileReference; lastKnownFileType = sourcecode.swift; path = MenuItemCollectionViewCell.swift; sourceTree = "<group>"; };
		F723EF2E229FB24B00C16209 /* MenuItemViewController.swift */ = {isa = PBXFileReference; fileEncoding = 4; lastKnownFileType = sourcecode.swift; path = MenuItemViewController.swift; sourceTree = "<group>"; };
		F72B772F2255807F000322B7 /* Settings.swift */ = {isa = PBXFileReference; lastKnownFileType = sourcecode.swift; path = Settings.swift; sourceTree = "<group>"; };
		F72DEE2C22B2275200A7BCB6 /* MapClusterAnnotationView.swift */ = {isa = PBXFileReference; lastKnownFileType = sourcecode.swift; path = MapClusterAnnotationView.swift; sourceTree = "<group>"; };
		F73918B42278254D00C047B3 /* SearchViewController.swift */ = {isa = PBXFileReference; lastKnownFileType = sourcecode.swift; path = SearchViewController.swift; sourceTree = "<group>"; };
		F73B36E122A2546300853EF9 /* MenuImageViewController.swift */ = {isa = PBXFileReference; lastKnownFileType = sourcecode.swift; path = MenuImageViewController.swift; sourceTree = "<group>"; };
		F74CC2F8229F9C420036013F /* RestaurantCollectionViewController.swift */ = {isa = PBXFileReference; lastKnownFileType = sourcecode.swift; path = RestaurantCollectionViewController.swift; sourceTree = "<group>"; };
		F74CC2FA229F9F0D0036013F /* RestaurantCollectionViewCell.swift */ = {isa = PBXFileReference; lastKnownFileType = sourcecode.swift; path = RestaurantCollectionViewCell.swift; sourceTree = "<group>"; };
		F752332B2284E23F005E3625 /* Documents.swift */ = {isa = PBXFileReference; lastKnownFileType = sourcecode.swift; path = Documents.swift; sourceTree = "<group>"; };
		F752332E2284E3A6005E3625 /* Terms.txt */ = {isa = PBXFileReference; lastKnownFileType = text; path = Terms.txt; sourceTree = "<group>"; };
		F75A4C3C2285054A00FBEF10 /* TextViewController.swift */ = {isa = PBXFileReference; lastKnownFileType = sourcecode.swift; path = TextViewController.swift; sourceTree = "<group>"; };
		F76EB7CC22A4ED4D0055B6BB /* ImageService.swift */ = {isa = PBXFileReference; lastKnownFileType = sourcecode.swift; path = ImageService.swift; sourceTree = "<group>"; };
		F773DD7B2295045900529B09 /* MapAnnotation.swift */ = {isa = PBXFileReference; lastKnownFileType = sourcecode.swift; path = MapAnnotation.swift; sourceTree = "<group>"; };
		F78AA8AE2288F15B00A332CE /* RestaurantMapViewController.swift */ = {isa = PBXFileReference; fileEncoding = 4; lastKnownFileType = sourcecode.swift; path = RestaurantMapViewController.swift; sourceTree = "<group>"; };
		F78AA8B32288F15B00A332CE /* RestaurantParentViewController.swift */ = {isa = PBXFileReference; fileEncoding = 4; lastKnownFileType = sourcecode.swift; path = RestaurantParentViewController.swift; sourceTree = "<group>"; };
		F7A7972722A09B66009E86C4 /* SettingsViewController.swift */ = {isa = PBXFileReference; lastKnownFileType = sourcecode.swift; path = SettingsViewController.swift; sourceTree = "<group>"; };
		F7F639BC22ADA1340085C0EB /* Privacy.txt */ = {isa = PBXFileReference; lastKnownFileType = text; path = Privacy.txt; sourceTree = "<group>"; };
		F7FC1FD2224C643600FF4AEF /* MenuItem.swift */ = {isa = PBXFileReference; lastKnownFileType = sourcecode.swift; path = MenuItem.swift; sourceTree = "<group>"; };
/* End PBXFileReference section */

/* Begin PBXFrameworksBuildPhase section */
		B5EAC3C92217EAE80080858E /* Frameworks */ = {
			isa = PBXFrameworksBuildPhase;
			buildActionMask = 2147483647;
			files = (
				DB0B11625EA3977AD908566D /* Pods_planti.framework in Frameworks */,
			);
			runOnlyForDeploymentPostprocessing = 0;
		};
/* End PBXFrameworksBuildPhase section */

/* Begin PBXGroup section */
		B5EAC3C32217EAE80080858E = {
			isa = PBXGroup;
			children = (
				B5EAC3CE2217EAE80080858E /* planti */,
				B5EAC3CD2217EAE80080858E /* Products */,
				E9C42D8C53DE1F06649D5AC6 /* Pods */,
				C708D8D3DC70382567943949 /* Frameworks */,
			);
			sourceTree = "<group>";
		};
		B5EAC3CD2217EAE80080858E /* Products */ = {
			isa = PBXGroup;
			children = (
				B5EAC3CC2217EAE80080858E /* planti.app */,
			);
			name = Products;
			sourceTree = "<group>";
		};
		B5EAC3CE2217EAE80080858E /* planti */ = {
			isa = PBXGroup;
			children = (
				F76EB7CB22A4ED2F0055B6BB /* Services */,
				F7FC1FD7224C717800FF4AEF /* RatingsView */,
				F7FC1FD8224C718300FF4AEF /* MapMarker */,
				F723EF29229FAFBB00C16209 /* MenuView */,
				F78AA8AD2288F14E00A332CE /* RestaurantsView */,
				F752332D2284E384005E3625 /* Resources */,
				B5EAC3CF2217EAE80080858E /* AppDelegate.swift */,
				B5EAC3D32217EAE80080858E /* Main.storyboard */,
				B5EAC3D62217EAE90080858E /* Assets.xcassets */,
				B5EAC3D82217EAE90080858E /* LaunchScreen.storyboard */,
				B5EAC3DB2217EAE90080858E /* Info.plist */,
				F7FC1FD6224C716400FF4AEF /* Models */,
				B5F6087C221D376E001989B6 /* ThemeButton.swift */,
				B5C6A6B622214C7D007DE260 /* OptionsScrollView.swift */,
				B5C6A6BC22220B24007DE260 /* PostViewController.swift */,
				B5BE0E05222A5E1B006328A4 /* PreferenceViewController.swift */,
				B5C6FA07222B4CB3005FBFB9 /* MenuTableViewController.swift */,
				F73918B42278254D00C047B3 /* SearchViewController.swift */,
				F752332B2284E23F005E3625 /* Documents.swift */,
				F75A4C3C2285054A00FBEF10 /* TextViewController.swift */,
				F7A7972722A09B66009E86C4 /* SettingsViewController.swift */,
			);
			path = planti;
			sourceTree = "<group>";
		};
		C708D8D3DC70382567943949 /* Frameworks */ = {
			isa = PBXGroup;
			children = (
				6C7104F663970D7DF7A002C3 /* Pods_planti.framework */,
			);
			name = Frameworks;
			sourceTree = "<group>";
		};
		E9C42D8C53DE1F06649D5AC6 /* Pods */ = {
			isa = PBXGroup;
			children = (
				4379E13A8EA8D3E60A59B989 /* Pods-planti.debug.xcconfig */,
				CEABFC2B78CCDFA5BA6F2068 /* Pods-planti.release.xcconfig */,
			);
			path = Pods;
			sourceTree = "<group>";
		};
		F723EF29229FAFBB00C16209 /* MenuView */ = {
			isa = PBXGroup;
			children = (
				F723EF2E229FB24B00C16209 /* MenuItemViewController.swift */,
				F723EF2A229FB0BB00C16209 /* MenuItemCollectionViewCell.swift */,
				F73B36E122A2546300853EF9 /* MenuImageViewController.swift */,
			);
			path = MenuView;
			sourceTree = "<group>";
		};
		F752332D2284E384005E3625 /* Resources */ = {
			isa = PBXGroup;
			children = (
				F752332E2284E3A6005E3625 /* Terms.txt */,
				F7F639BC22ADA1340085C0EB /* Privacy.txt */,
				B5B9920322DAFAFE0047D8C9 /* Credits.txt */,
			);
			path = Resources;
			sourceTree = "<group>";
		};
		F76EB7CB22A4ED2F0055B6BB /* Services */ = {
			isa = PBXGroup;
			children = (
				B5F61846221889280032FF86 /* RestService.swift */,
				F76EB7CC22A4ED4D0055B6BB /* ImageService.swift */,
				B50F266B22BB2767009D30BD /* AlertService.swift */,
			);
			path = Services;
			sourceTree = "<group>";
		};
		F78AA8AD2288F14E00A332CE /* RestaurantsView */ = {
			isa = PBXGroup;
			children = (
				F74CC2F8229F9C420036013F /* RestaurantCollectionViewController.swift */,
				F74CC2FA229F9F0D0036013F /* RestaurantCollectionViewCell.swift */,
				F78AA8AE2288F15B00A332CE /* RestaurantMapViewController.swift */,
				F78AA8B32288F15B00A332CE /* RestaurantParentViewController.swift */,
			);
			path = RestaurantsView;
			sourceTree = "<group>";
		};
		F7FC1FD6224C716400FF4AEF /* Models */ = {
			isa = PBXGroup;
			children = (
				B5BE0E07222A7562006328A4 /* DefaultsKeys.swift */,
				B5F61844221888110032FF86 /* Restaurant.swift */,
				F7FC1FD2224C643600FF4AEF /* MenuItem.swift */,
				B5F60878221D14ED001989B6 /* Options.swift */,
				B5F6087A221D1BA2001989B6 /* Colors.swift */,
				F72B772F2255807F000322B7 /* Settings.swift */,
			);
			path = Models;
			sourceTree = "<group>";
		};
		F7FC1FD7224C717800FF4AEF /* RatingsView */ = {
			isa = PBXGroup;
			children = (
				B5B4DDB52249DBF800937F78 /* RatingsView.xib */,
				B5B4DDB72249DC0900937F78 /* RatingsView.swift */,
			);
			path = RatingsView;
			sourceTree = "<group>";
		};
		F7FC1FD8224C718300FF4AEF /* MapMarker */ = {
			isa = PBXGroup;
			children = (
				B521830422476DE1004E7263 /* MapMarkerView.xib */,
				B521830622476DF6004E7263 /* MapMarker.swift */,
				F773DD7B2295045900529B09 /* MapAnnotation.swift */,
				F72DEE2C22B2275200A7BCB6 /* MapClusterAnnotationView.swift */,
			);
			path = MapMarker;
			sourceTree = "<group>";
		};
/* End PBXGroup section */

/* Begin PBXNativeTarget section */
		B5EAC3CB2217EAE80080858E /* planti */ = {
			isa = PBXNativeTarget;
			buildConfigurationList = B5EAC3DE2217EAE90080858E /* Build configuration list for PBXNativeTarget "planti" */;
			buildPhases = (
				1E9C5143771E83DA1D0B3A9A /* [CP] Check Pods Manifest.lock */,
				B5EAC3C82217EAE80080858E /* Sources */,
				B5EAC3C92217EAE80080858E /* Frameworks */,
				B5EAC3CA2217EAE80080858E /* Resources */,
				5082D35B168D5EF1E04DBB4C /* [CP] Embed Pods Frameworks */,
			);
			buildRules = (
			);
			dependencies = (
			);
			name = planti;
			productName = planti;
			productReference = B5EAC3CC2217EAE80080858E /* planti.app */;
			productType = "com.apple.product-type.application";
		};
/* End PBXNativeTarget section */

/* Begin PBXProject section */
		B5EAC3C42217EAE80080858E /* Project object */ = {
			isa = PBXProject;
			attributes = {
				LastSwiftUpdateCheck = 1000;
				LastUpgradeCheck = 1000;
				ORGANIZATIONNAME = planti;
				TargetAttributes = {
					B5EAC3CB2217EAE80080858E = {
						CreatedOnToolsVersion = 10.0;
					};
				};
			};
			buildConfigurationList = B5EAC3C72217EAE80080858E /* Build configuration list for PBXProject "planti" */;
			compatibilityVersion = "Xcode 9.3";
			developmentRegion = en;
			hasScannedForEncodings = 0;
			knownRegions = (
				en,
				Base,
			);
			mainGroup = B5EAC3C32217EAE80080858E;
			productRefGroup = B5EAC3CD2217EAE80080858E /* Products */;
			projectDirPath = "";
			projectRoot = "";
			targets = (
				B5EAC3CB2217EAE80080858E /* planti */,
			);
		};
/* End PBXProject section */

/* Begin PBXResourcesBuildPhase section */
		B5EAC3CA2217EAE80080858E /* Resources */ = {
			isa = PBXResourcesBuildPhase;
			buildActionMask = 2147483647;
			files = (
				B521830522476DE1004E7263 /* MapMarkerView.xib in Resources */,
				B5EAC3DA2217EAE90080858E /* LaunchScreen.storyboard in Resources */,
				B5EAC3D72217EAE90080858E /* Assets.xcassets in Resources */,
				B5B4DDB62249DBF800937F78 /* RatingsView.xib in Resources */,
				F752332F2284E3A6005E3625 /* Terms.txt in Resources */,
				B5EAC3D52217EAE80080858E /* Main.storyboard in Resources */,
				F7F639BD22ADA1340085C0EB /* Privacy.txt in Resources */,
				B5B9920422DAFAFE0047D8C9 /* Credits.txt in Resources */,
			);
			runOnlyForDeploymentPostprocessing = 0;
		};
/* End PBXResourcesBuildPhase section */

/* Begin PBXShellScriptBuildPhase section */
		1E9C5143771E83DA1D0B3A9A /* [CP] Check Pods Manifest.lock */ = {
			isa = PBXShellScriptBuildPhase;
			buildActionMask = 2147483647;
			files = (
			);
			inputFileListPaths = (
			);
			inputPaths = (
				"${PODS_PODFILE_DIR_PATH}/Podfile.lock",
				"${PODS_ROOT}/Manifest.lock",
			);
			name = "[CP] Check Pods Manifest.lock";
			outputFileListPaths = (
			);
			outputPaths = (
				"$(DERIVED_FILE_DIR)/Pods-planti-checkManifestLockResult.txt",
			);
			runOnlyForDeploymentPostprocessing = 0;
			shellPath = /bin/sh;
			shellScript = "diff \"${PODS_PODFILE_DIR_PATH}/Podfile.lock\" \"${PODS_ROOT}/Manifest.lock\" > /dev/null\nif [ $? != 0 ] ; then\n    # print error to STDERR\n    echo \"error: The sandbox is not in sync with the Podfile.lock. Run 'pod install' or update your CocoaPods installation.\" >&2\n    exit 1\nfi\n# This output is used by Xcode 'outputs' to avoid re-running this script phase.\necho \"SUCCESS\" > \"${SCRIPT_OUTPUT_FILE_0}\"\n";
			showEnvVarsInLog = 0;
		};
		5082D35B168D5EF1E04DBB4C /* [CP] Embed Pods Frameworks */ = {
			isa = PBXShellScriptBuildPhase;
			buildActionMask = 2147483647;
			files = (
			);
			inputFileListPaths = (
				"${PODS_ROOT}/Target Support Files/Pods-planti/Pods-planti-frameworks-${CONFIGURATION}-input-files.xcfilelist",
			);
			name = "[CP] Embed Pods Frameworks";
			outputFileListPaths = (
				"${PODS_ROOT}/Target Support Files/Pods-planti/Pods-planti-frameworks-${CONFIGURATION}-output-files.xcfilelist",
			);
			runOnlyForDeploymentPostprocessing = 0;
			shellPath = /bin/sh;
			shellScript = "\"${PODS_ROOT}/Target Support Files/Pods-planti/Pods-planti-frameworks.sh\"\n";
			showEnvVarsInLog = 0;
		};
/* End PBXShellScriptBuildPhase section */

/* Begin PBXSourcesBuildPhase section */
		B5EAC3C82217EAE80080858E /* Sources */ = {
			isa = PBXSourcesBuildPhase;
			buildActionMask = 2147483647;
			files = (
				F7FC1FD3224C643600FF4AEF /* MenuItem.swift in Sources */,
				B5C6A6BD22220B24007DE260 /* PostViewController.swift in Sources */,
				B5B4DDB82249DC0900937F78 /* RatingsView.swift in Sources */,
				F78AA8B42288F15B00A332CE /* RestaurantMapViewController.swift in Sources */,
				B50F266C22BB2767009D30BD /* AlertService.swift in Sources */,
				B5F61845221888110032FF86 /* Restaurant.swift in Sources */,
				F75A4C3D2285054A00FBEF10 /* TextViewController.swift in Sources */,
				B5F6087D221D376E001989B6 /* ThemeButton.swift in Sources */,
				F723EF2B229FB0BB00C16209 /* MenuItemCollectionViewCell.swift in Sources */,
				B5BE0E06222A5E1B006328A4 /* PreferenceViewController.swift in Sources */,
				B5F6087B221D1BA2001989B6 /* Colors.swift in Sources */,
				F773DD7C2295045900529B09 /* MapAnnotation.swift in Sources */,
				B5F61847221889280032FF86 /* RestService.swift in Sources */,
				F72DEE2D22B2275200A7BCB6 /* MapClusterAnnotationView.swift in Sources */,
				F74CC2FB229F9F0D0036013F /* RestaurantCollectionViewCell.swift in Sources */,
				B5C6A6B722214C7D007DE260 /* OptionsScrollView.swift in Sources */,
				F76EB7CD22A4ED4D0055B6BB /* ImageService.swift in Sources */,
				F73B36E222A2546300853EF9 /* MenuImageViewController.swift in Sources */,
				F73918B52278254D00C047B3 /* SearchViewController.swift in Sources */,
				F752332C2284E23F005E3625 /* Documents.swift in Sources */,
				B5F60879221D14ED001989B6 /* Options.swift in Sources */,
				B521830722476DF6004E7263 /* MapMarker.swift in Sources */,
				B5C6FA08222B4CB3005FBFB9 /* MenuTableViewController.swift in Sources */,
				F723EF2F229FB24B00C16209 /* MenuItemViewController.swift in Sources */,
				B5EAC3D02217EAE80080858E /* AppDelegate.swift in Sources */,
				F7A7972822A09B66009E86C4 /* SettingsViewController.swift in Sources */,
				F72B77302255807F000322B7 /* Settings.swift in Sources */,
				B5BE0E08222A7562006328A4 /* DefaultsKeys.swift in Sources */,
				F78AA8B92288F15B00A332CE /* RestaurantParentViewController.swift in Sources */,
				F74CC2F9229F9C420036013F /* RestaurantCollectionViewController.swift in Sources */,
			);
			runOnlyForDeploymentPostprocessing = 0;
		};
/* End PBXSourcesBuildPhase section */

/* Begin PBXVariantGroup section */
		B5EAC3D32217EAE80080858E /* Main.storyboard */ = {
			isa = PBXVariantGroup;
			children = (
				B5EAC3D42217EAE80080858E /* Base */,
			);
			name = Main.storyboard;
			sourceTree = "<group>";
		};
		B5EAC3D82217EAE90080858E /* LaunchScreen.storyboard */ = {
			isa = PBXVariantGroup;
			children = (
				B5EAC3D92217EAE90080858E /* Base */,
			);
			name = LaunchScreen.storyboard;
			sourceTree = "<group>";
		};
/* End PBXVariantGroup section */

/* Begin XCBuildConfiguration section */
		B5EAC3DC2217EAE90080858E /* Debug */ = {
			isa = XCBuildConfiguration;
			buildSettings = {
				ALWAYS_SEARCH_USER_PATHS = NO;
				CLANG_ANALYZER_NONNULL = YES;
				CLANG_ANALYZER_NUMBER_OBJECT_CONVERSION = YES_AGGRESSIVE;
				CLANG_CXX_LANGUAGE_STANDARD = "gnu++14";
				CLANG_CXX_LIBRARY = "libc++";
				CLANG_ENABLE_MODULES = YES;
				CLANG_ENABLE_OBJC_ARC = YES;
				CLANG_ENABLE_OBJC_WEAK = YES;
				CLANG_WARN_BLOCK_CAPTURE_AUTORELEASING = YES;
				CLANG_WARN_BOOL_CONVERSION = YES;
				CLANG_WARN_COMMA = YES;
				CLANG_WARN_CONSTANT_CONVERSION = YES;
				CLANG_WARN_DEPRECATED_OBJC_IMPLEMENTATIONS = YES;
				CLANG_WARN_DIRECT_OBJC_ISA_USAGE = YES_ERROR;
				CLANG_WARN_DOCUMENTATION_COMMENTS = YES;
				CLANG_WARN_EMPTY_BODY = YES;
				CLANG_WARN_ENUM_CONVERSION = YES;
				CLANG_WARN_INFINITE_RECURSION = YES;
				CLANG_WARN_INT_CONVERSION = YES;
				CLANG_WARN_NON_LITERAL_NULL_CONVERSION = YES;
				CLANG_WARN_OBJC_IMPLICIT_RETAIN_SELF = YES;
				CLANG_WARN_OBJC_LITERAL_CONVERSION = YES;
				CLANG_WARN_OBJC_ROOT_CLASS = YES_ERROR;
				CLANG_WARN_RANGE_LOOP_ANALYSIS = YES;
				CLANG_WARN_STRICT_PROTOTYPES = YES;
				CLANG_WARN_SUSPICIOUS_MOVE = YES;
				CLANG_WARN_UNGUARDED_AVAILABILITY = YES_AGGRESSIVE;
				CLANG_WARN_UNREACHABLE_CODE = YES;
				CLANG_WARN__DUPLICATE_METHOD_MATCH = YES;
				CODE_SIGN_IDENTITY = "iPhone Developer";
				COPY_PHASE_STRIP = NO;
				DEBUG_INFORMATION_FORMAT = dwarf;
				ENABLE_STRICT_OBJC_MSGSEND = YES;
				ENABLE_TESTABILITY = YES;
				GCC_C_LANGUAGE_STANDARD = gnu11;
				GCC_DYNAMIC_NO_PIC = NO;
				GCC_NO_COMMON_BLOCKS = YES;
				GCC_OPTIMIZATION_LEVEL = 0;
				GCC_PREPROCESSOR_DEFINITIONS = (
					"DEBUG=1",
					"$(inherited)",
				);
				GCC_WARN_64_TO_32_BIT_CONVERSION = YES;
				GCC_WARN_ABOUT_RETURN_TYPE = YES_ERROR;
				GCC_WARN_UNDECLARED_SELECTOR = YES;
				GCC_WARN_UNINITIALIZED_AUTOS = YES_AGGRESSIVE;
				GCC_WARN_UNUSED_FUNCTION = YES;
				GCC_WARN_UNUSED_VARIABLE = YES;
				IPHONEOS_DEPLOYMENT_TARGET = 12.2;
				MTL_ENABLE_DEBUG_INFO = INCLUDE_SOURCE;
				MTL_FAST_MATH = YES;
				ONLY_ACTIVE_ARCH = YES;
				SDKROOT = iphoneos;
				SWIFT_ACTIVE_COMPILATION_CONDITIONS = DEBUG;
				SWIFT_OPTIMIZATION_LEVEL = "-Onone";
				SWIFT_VERSION = 5.0;
			};
			name = Debug;
		};
		B5EAC3DD2217EAE90080858E /* Release */ = {
			isa = XCBuildConfiguration;
			buildSettings = {
				ALWAYS_SEARCH_USER_PATHS = NO;
				CLANG_ANALYZER_NONNULL = YES;
				CLANG_ANALYZER_NUMBER_OBJECT_CONVERSION = YES_AGGRESSIVE;
				CLANG_CXX_LANGUAGE_STANDARD = "gnu++14";
				CLANG_CXX_LIBRARY = "libc++";
				CLANG_ENABLE_MODULES = YES;
				CLANG_ENABLE_OBJC_ARC = YES;
				CLANG_ENABLE_OBJC_WEAK = YES;
				CLANG_WARN_BLOCK_CAPTURE_AUTORELEASING = YES;
				CLANG_WARN_BOOL_CONVERSION = YES;
				CLANG_WARN_COMMA = YES;
				CLANG_WARN_CONSTANT_CONVERSION = YES;
				CLANG_WARN_DEPRECATED_OBJC_IMPLEMENTATIONS = YES;
				CLANG_WARN_DIRECT_OBJC_ISA_USAGE = YES_ERROR;
				CLANG_WARN_DOCUMENTATION_COMMENTS = YES;
				CLANG_WARN_EMPTY_BODY = YES;
				CLANG_WARN_ENUM_CONVERSION = YES;
				CLANG_WARN_INFINITE_RECURSION = YES;
				CLANG_WARN_INT_CONVERSION = YES;
				CLANG_WARN_NON_LITERAL_NULL_CONVERSION = YES;
				CLANG_WARN_OBJC_IMPLICIT_RETAIN_SELF = YES;
				CLANG_WARN_OBJC_LITERAL_CONVERSION = YES;
				CLANG_WARN_OBJC_ROOT_CLASS = YES_ERROR;
				CLANG_WARN_RANGE_LOOP_ANALYSIS = YES;
				CLANG_WARN_STRICT_PROTOTYPES = YES;
				CLANG_WARN_SUSPICIOUS_MOVE = YES;
				CLANG_WARN_UNGUARDED_AVAILABILITY = YES_AGGRESSIVE;
				CLANG_WARN_UNREACHABLE_CODE = YES;
				CLANG_WARN__DUPLICATE_METHOD_MATCH = YES;
				CODE_SIGN_IDENTITY = "iPhone Developer";
				COPY_PHASE_STRIP = NO;
				DEBUG_INFORMATION_FORMAT = "dwarf-with-dsym";
				ENABLE_NS_ASSERTIONS = NO;
				ENABLE_STRICT_OBJC_MSGSEND = YES;
				GCC_C_LANGUAGE_STANDARD = gnu11;
				GCC_NO_COMMON_BLOCKS = YES;
				GCC_WARN_64_TO_32_BIT_CONVERSION = YES;
				GCC_WARN_ABOUT_RETURN_TYPE = YES_ERROR;
				GCC_WARN_UNDECLARED_SELECTOR = YES;
				GCC_WARN_UNINITIALIZED_AUTOS = YES_AGGRESSIVE;
				GCC_WARN_UNUSED_FUNCTION = YES;
				GCC_WARN_UNUSED_VARIABLE = YES;
				IPHONEOS_DEPLOYMENT_TARGET = 12.2;
				MTL_ENABLE_DEBUG_INFO = NO;
				MTL_FAST_MATH = YES;
				SDKROOT = iphoneos;
				SWIFT_COMPILATION_MODE = wholemodule;
				SWIFT_OPTIMIZATION_LEVEL = "-O";
				SWIFT_VERSION = 5.0;
				VALIDATE_PRODUCT = YES;
			};
			name = Release;
		};
		B5EAC3DF2217EAE90080858E /* Debug */ = {
			isa = XCBuildConfiguration;
			baseConfigurationReference = 4379E13A8EA8D3E60A59B989 /* Pods-planti.debug.xcconfig */;
			buildSettings = {
				ASSETCATALOG_COMPILER_APPICON_NAME = AppIcon;
				CODE_SIGN_STYLE = Automatic;
				CURRENT_PROJECT_VERSION = 4;
				DEVELOPMENT_TEAM = MH65659B7Z;
				INFOPLIST_FILE = planti/Info.plist;
				IPHONEOS_DEPLOYMENT_TARGET = 12.2;
				LD_RUNPATH_SEARCH_PATHS = (
					"$(inherited)",
					"@executable_path/Frameworks",
				);
				MARKETING_VERSION = 1.3;
				PRODUCT_BUNDLE_IDENTIFIER = com.yzdevelopment.planti;
				PRODUCT_NAME = "$(TARGET_NAME)";
				SWIFT_VERSION = 5.0;
				TARGETED_DEVICE_FAMILY = 1;
			};
			name = Debug;
		};
		B5EAC3E02217EAE90080858E /* Release */ = {
			isa = XCBuildConfiguration;
			baseConfigurationReference = CEABFC2B78CCDFA5BA6F2068 /* Pods-planti.release.xcconfig */;
			buildSettings = {
				ASSETCATALOG_COMPILER_APPICON_NAME = AppIcon;
				CODE_SIGN_STYLE = Automatic;
				CURRENT_PROJECT_VERSION = 4;
				DEVELOPMENT_TEAM = MH65659B7Z;
				INFOPLIST_FILE = planti/Info.plist;
				IPHONEOS_DEPLOYMENT_TARGET = 12.2;
				LD_RUNPATH_SEARCH_PATHS = (
					"$(inherited)",
					"@executable_path/Frameworks",
				);
				MARKETING_VERSION = 1.3;
				PRODUCT_BUNDLE_IDENTIFIER = com.yzdevelopment.planti;
				PRODUCT_NAME = "$(TARGET_NAME)";
				SWIFT_VERSION = 5.0;
				TARGETED_DEVICE_FAMILY = 1;
			};
			name = Release;
		};
/* End XCBuildConfiguration section */

/* Begin XCConfigurationList section */
		B5EAC3C72217EAE80080858E /* Build configuration list for PBXProject "planti" */ = {
			isa = XCConfigurationList;
			buildConfigurations = (
				B5EAC3DC2217EAE90080858E /* Debug */,
				B5EAC3DD2217EAE90080858E /* Release */,
			);
			defaultConfigurationIsVisible = 0;
			defaultConfigurationName = Release;
		};
		B5EAC3DE2217EAE90080858E /* Build configuration list for PBXNativeTarget "planti" */ = {
			isa = XCConfigurationList;
			buildConfigurations = (
				B5EAC3DF2217EAE90080858E /* Debug */,
				B5EAC3E02217EAE90080858E /* Release */,
			);
			defaultConfigurationIsVisible = 0;
			defaultConfigurationName = Release;
		};
/* End XCConfigurationList section */
	};
	rootObject = B5EAC3C42217EAE80080858E /* Project object */;
}
